
Microsoft Visual Studio Solution File, Format Version 12.00
# Visual Studio 15
VisualStudioVersion = 15.0.27130.2024
MinimumVisualStudioVersion = 10.0.40219.1
Project("{8BC9CEB8-8B4A-11D0-8D11-00A0C91BC942}") = "20q", "20q\20q.vcxproj", "{01DE20AC-14DB-4460-A3DB-67139BCB0F78}"
EndProject
Global
	GlobalSection(SolutionConfigurationPlatforms) = preSolution
		Debug|x64 = Debug|x64
		Debug|x86 = Debug|x86
		Release|x64 = Release|x64
		Release|x86 = Release|x86
	EndGlobalSection
	GlobalSection(ProjectConfigurationPlatforms) = postSolution
		{01DE20AC-14DB-4460-A3DB-67139BCB0F78}.Debug|x64.ActiveCfg = Debug|x64
		{01DE20AC-14DB-4460-A3DB-67139BCB0F78}.Debug|x64.Build.0 = Debug|x64
		{01DE20AC-14DB-4460-A3DB-67139BCB0F78}.Debug|x86.ActiveCfg = Debug|Win32
		{01DE20AC-14DB-4460-A3DB-67139BCB0F78}.Debug|x86.Build.0 = Debug|Win32
		{01DE20AC-14DB-4460-A3DB-67139BCB0F78}.Release|x64.ActiveCfg = Release|x64
		{01DE20AC-14DB-4460-A3DB-67139BCB0F78}.Release|x64.Build.0 = Release|x64
		{01DE20AC-14DB-4460-A3DB-67139BCB0F78}.Release|x86.ActiveCfg = Release|Win32
		{01DE20AC-14DB-4460-A3DB-67139BCB0F78}.Release|x86.Build.0 = Release|Win32
	EndGlobalSection
	GlobalSection(SolutionProperties) = preSolution
		HideSolutionNode = FALSE
	EndGlobalSection
	GlobalSection(ExtensibilityGlobals) = postSolution
		SolutionGuid = {1182A74B-9D17-4848-9241-7007CEA59108}
	EndGlobalSection
EndGlobal
